// !$*UTF8*$!
{
	archiveVersion = 1;
	classes = {
	};
	objectVersion = 46;
	objects = {

/* Begin PBXBuildFile section */
		4C76D40D1DE0B54800882B24 /* AppDelegate.swift in Sources */ = {isa = PBXBuildFile; fileRef = 4C76D40C1DE0B54800882B24 /* AppDelegate.swift */; };
		4C76D40F1DE0B54800882B24 /* ViewController.swift in Sources */ = {isa = PBXBuildFile; fileRef = 4C76D40E1DE0B54800882B24 /* ViewController.swift */; };
		4C76D4121DE0B54800882B24 /* Main.storyboard in Resources */ = {isa = PBXBuildFile; fileRef = 4C76D4101DE0B54800882B24 /* Main.storyboard */; };
		4C76D4141DE0B54800882B24 /* Assets.xcassets in Resources */ = {isa = PBXBuildFile; fileRef = 4C76D4131DE0B54800882B24 /* Assets.xcassets */; };
		4C76D4171DE0B54800882B24 /* LaunchScreen.storyboard in Resources */ = {isa = PBXBuildFile; fileRef = 4C76D4151DE0B54800882B24 /* LaunchScreen.storyboard */; };
/* End PBXBuildFile section */

/* Begin PBXFileReference section */
		4C76D4091DE0B54800882B24 /* NephCalc.app */ = {isa = PBXFileReference; explicitFileType = wrapper.application; includeInIndex = 0; path = NephCalc.app; sourceTree = BUILT_PRODUCTS_DIR; };
		4C76D40C1DE0B54800882B24 /* AppDelegate.swift */ = {isa = PBXFileReference; lastKnownFileType = sourcecode.swift; path = AppDelegate.swift; sourceTree = "<group>"; };
		4C76D40E1DE0B54800882B24 /* ViewController.swift */ = {isa = PBXFileReference; lastKnownFileType = sourcecode.swift; path = ViewController.swift; sourceTree = "<group>"; };
		4C76D4111DE0B54800882B24 /* Base */ = {isa = PBXFileReference; lastKnownFileType = file.storyboard; name = Base; path = Base.lproj/Main.storyboard; sourceTree = "<group>"; };
		4C76D4131DE0B54800882B24 /* Assets.xcassets */ = {isa = PBXFileReference; lastKnownFileType = folder.assetcatalog; path = Assets.xcassets; sourceTree = "<group>"; };
		4C76D4161DE0B54800882B24 /* Base */ = {isa = PBXFileReference; lastKnownFileType = file.storyboard; name = Base; path = Base.lproj/LaunchScreen.storyboard; sourceTree = "<group>"; };
		4C76D4181DE0B54800882B24 /* Info.plist */ = {isa = PBXFileReference; lastKnownFileType = text.plist.xml; path = Info.plist; sourceTree = "<group>"; };
/* End PBXFileReference section */

/* Begin PBXFrameworksBuildPhase section */
		4C76D4061DE0B54700882B24 /* Frameworks */ = {
			isa = PBXFrameworksBuildPhase;
			buildActionMask = 2147483647;
			files = (
			);
			runOnlyForDeploymentPostprocessing = 0;
		};
/* End PBXFrameworksBuildPhase section */

/* Begin PBXGroup section */
		4C76D4001DE0B54700882B24 = {
			isa = PBXGroup;
			children = (
				4C76D40B1DE0B54800882B24 /* NephCalc */,
				4C76D40A1DE0B54800882B24 /* Products */,
			);
			sourceTree = "<group>";
		};
		4C76D40A1DE0B54800882B24 /* Products */ = {
			isa = PBXGroup;
			children = (
				4C76D4091DE0B54800882B24 /* NephCalc.app */,
			);
			name = Products;
			sourceTree = "<group>";
		};
		4C76D40B1DE0B54800882B24 /* NephCalc */ = {
			isa = PBXGroup;
			children = (
				4C76D40C1DE0B54800882B24 /* AppDelegate.swift */,
				4C76D40E1DE0B54800882B24 /* ViewController.swift */,
				4C76D4101DE0B54800882B24 /* Main.storyboard */,
				4C76D4131DE0B54800882B24 /* Assets.xcassets */,
				4C76D4151DE0B54800882B24 /* LaunchScreen.storyboard */,
				4C76D4181DE0B54800882B24 /* Info.plist */,
			);
			path = NephCalc;
			sourceTree = "<group>";
		};
/* End PBXGroup section */

/* Begin PBXNativeTarget section */
		4C76D4081DE0B54700882B24 /* NephCalc */ = {
			isa = PBXNativeTarget;
			buildConfigurationList = 4C76D41B1DE0B54800882B24 /* Build configuration list for PBXNativeTarget "NephCalc" */;
			buildPhases = (
				4C76D4051DE0B54700882B24 /* Sources */,
				4C76D4061DE0B54700882B24 /* Frameworks */,
				4C76D4071DE0B54700882B24 /* Resources */,
			);
			buildRules = (
			);
			dependencies = (
			);
			name = NephCalc;
			productName = NephCalc;
			productReference = 4C76D4091DE0B54800882B24 /* NephCalc.app */;
			productType = "com.apple.product-type.application";
		};
/* End PBXNativeTarget section */

/* Begin PBXProject section */
		4C76D4011DE0B54700882B24 /* Project object */ = {
			isa = PBXProject;
			attributes = {
				LastSwiftUpdateCheck = 0810;
				LastUpgradeCheck = 0820;
				ORGANIZATIONNAME = "Evergreen Inc.";
				TargetAttributes = {
					4C76D4081DE0B54700882B24 = {
						CreatedOnToolsVersion = 8.1;
						DevelopmentTeam = 2C8QT4S3BM;
						ProvisioningStyle = Automatic;
					};
				};
			};
			buildConfigurationList = 4C76D4041DE0B54700882B24 /* Build configuration list for PBXProject "NephCalc" */;
			compatibilityVersion = "Xcode 3.2";
			developmentRegion = English;
			hasScannedForEncodings = 0;
			knownRegions = (
				en,
				Base,
			);
			mainGroup = 4C76D4001DE0B54700882B24;
			productRefGroup = 4C76D40A1DE0B54800882B24 /* Products */;
			projectDirPath = "";
			projectRoot = "";
			targets = (
				4C76D4081DE0B54700882B24 /* NephCalc */,
			);
		};
/* End PBXProject section */

/* Begin PBXResourcesBuildPhase section */
		4C76D4071DE0B54700882B24 /* Resources */ = {
			isa = PBXResourcesBuildPhase;
			buildActionMask = 2147483647;
			files = (
				4C76D4171DE0B54800882B24 /* LaunchScreen.storyboard in Resources */,
				4C76D4141DE0B54800882B24 /* Assets.xcassets in Resources */,
				4C76D4121DE0B54800882B24 /* Main.storyboard in Resources */,
			);
			runOnlyForDeploymentPostprocessing = 0;
		};
/* End PBXResourcesBuildPhase section */

/* Begin PBXSourcesBuildPhase section */
		4C76D4051DE0B54700882B24 /* Sources */ = {
			isa = PBXSourcesBuildPhase;
			buildActionMask = 2147483647;
			files = (
				4C76D40F1DE0B54800882B24 /* ViewController.swift in Sources */,
				4C76D40D1DE0B54800882B24 /* AppDelegate.swift in Sources */,
			);
			runOnlyForDeploymentPostprocessing = 0;
		};
/* End PBXSourcesBuildPhase section */

/* Begin PBXVariantGroup section */
		4C76D4101DE0B54800882B24 /* Main.storyboard */ = {
			isa = PBXVariantGroup;
			children = (
				4C76D4111DE0B54800882B24 /* Base */,
			);
			name = Main.storyboard;
			sourceTree = "<group>";
		};
		4C76D4151DE0B54800882B24 /* LaunchScreen.storyboard */ = {
			isa = PBXVariantGroup;
			children = (
				4C76D4161DE0B54800882B24 /* Base */,
			);
			name = LaunchScreen.storyboard;
			sourceTree = "<group>";
		};
/* End PBXVariantGroup section */

/* Begin XCBuildConfiguration section */
		4C76D4191DE0B54800882B24 /* Debug */ = {
			isa = XCBuildConfiguration;
			buildSettings = {
				ALWAYS_SEARCH_USER_PATHS = NO;
				CLANG_ANALYZER_NONNULL = YES;
				CLANG_CXX_LANGUAGE_STANDARD = "gnu++0x";
				CLANG_CXX_LIBRARY = "libc++";
				CLANG_ENABLE_MODULES = YES;
				CLANG_ENABLE_OBJC_ARC = YES;
				CLANG_WARN_BOOL_CONVERSION = YES;
				CLANG_WARN_CONSTANT_CONVERSION = YES;
				CLANG_WARN_DIRECT_OBJC_ISA_USAGE = YES_ERROR;
				CLANG_WARN_DOCUMENTATION_COMMENTS = YES;
				CLANG_WARN_EMPTY_BODY = YES;
				CLANG_WARN_ENUM_CONVERSION = YES;
				CLANG_WARN_INFINITE_RECURSION = YES;
				CLANG_WARN_INT_CONVERSION = YES;
				CLANG_WARN_OBJC_ROOT_CLASS = YES_ERROR;
				CLANG_WARN_SUSPICIOUS_MOVE = YES;
				CLANG_WARN_SUSPICIOUS_MOVES = YES;
				CLANG_WARN_UNREACHABLE_CODE = YES;
				CLANG_WARN__DUPLICATE_METHOD_MATCH = YES;
				"CODE_SIGN_IDENTITY[sdk=iphoneos*]" = "iPhone Developer";
				COPY_PHASE_STRIP = NO;
				DEBUG_INFORMATION_FORMAT = dwarf;
				ENABLE_STRICT_OBJC_MSGSEND = YES;
				ENABLE_TESTABILITY = YES;
				GCC_C_LANGUAGE_STANDARD = gnu99;
				GCC_DYNAMIC_NO_PIC = NO;
				GCC_NO_COMMON_BLOCKS = YES;
				GCC_OPTIMIZATION_LEVEL = 0;
				GCC_PREPROCESSOR_DEFINITIONS = (
					"DEBUG=1",
					"$(inherited)",
				);
				GCC_WARN_64_TO_32_BIT_CONVERSION = YES;
				GCC_WARN_ABOUT_RETURN_TYPE = YES_ERROR;
				GCC_WARN_UNDECLARED_SELECTOR = YES;
				GCC_WARN_UNINITIALIZED_AUTOS = YES_AGGRESSIVE;
				GCC_WARN_UNUSED_FUNCTION = YES;
				GCC_WARN_UNUSED_VARIABLE = YES;
				IPHONEOS_DEPLOYMENT_TARGET = 9.3;
				MTL_ENABLE_DEBUG_INFO = YES;
				ONLY_ACTIVE_ARCH = YES;
				SDKROOT = iphoneos;
				SWIFT_ACTIVE_COMPILATION_CONDITIONS = DEBUG;
				SWIFT_OPTIMIZATION_LEVEL = "-Onone";
				TARGETED_DEVICE_FAMILY = "1,2";
			};
			name = Debug;
		};
		4C76D41A1DE0B54800882B24 /* Release */ = {
			isa = XCBuildConfiguration;
			buildSettings = {
				ALWAYS_SEARCH_USER_PATHS = NO;
				CLANG_ANALYZER_NONNULL = YES;
				CLANG_CXX_LANGUAGE_STANDARD = "gnu++0x";
				CLANG_CXX_LIBRARY = "libc++";
				CLANG_ENABLE_MODULES = YES;
				CLANG_ENABLE_OBJC_ARC = YES;
				CLANG_WARN_BOOL_CONVERSION = YES;
				CLANG_WARN_CONSTANT_CONVERSION = YES;
				CLANG_WARN_DIRECT_OBJC_ISA_USAGE = YES_ERROR;
				CLANG_WARN_DOCUMENTATION_COMMENTS = YES;
				CLANG_WARN_EMPTY_BODY = YES;
				CLANG_WARN_ENUM_CONVERSION = YES;
				CLANG_WARN_INFINITE_RECURSION = YES;
				CLANG_WARN_INT_CONVERSION = YES;
				CLANG_WARN_OBJC_ROOT_CLASS = YES_ERROR;
				CLANG_WARN_SUSPICIOUS_MOVE = YES;
				CLANG_WARN_SUSPICIOUS_MOVES = YES;
				CLANG_WARN_UNREACHABLE_CODE = YES;
				CLANG_WARN__DUPLICATE_METHOD_MATCH = YES;
				"CODE_SIGN_IDENTITY[sdk=iphoneos*]" = "iPhone Developer";
				COPY_PHASE_STRIP = NO;
				DEBUG_INFORMATION_FORMAT = "dwarf-with-dsym";
				ENABLE_NS_ASSERTIONS = NO;
				ENABLE_STRICT_OBJC_MSGSEND = YES;
				GCC_C_LANGUAGE_STANDARD = gnu99;
				GCC_NO_COMMON_BLOCKS = YES;
				GCC_WARN_64_TO_32_BIT_CONVERSION = YES;
				GCC_WARN_ABOUT_RETURN_TYPE = YES_ERROR;
				GCC_WARN_UNDECLARED_SELECTOR = YES;
				GCC_WARN_UNINITIALIZED_AUTOS = YES_AGGRESSIVE;
				GCC_WARN_UNUSED_FUNCTION = YES;
				GCC_WARN_UNUSED_VARIABLE = YES;
				IPHONEOS_DEPLOYMENT_TARGET = 9.3;
				MTL_ENABLE_DEBUG_INFO = NO;
				SDKROOT = iphoneos;
				SWIFT_OPTIMIZATION_LEVEL = "-Owholemodule";
				TARGETED_DEVICE_FAMILY = "1,2";
				VALIDATE_PRODUCT = YES;
			};
			name = Release;
		};
		4C76D41C1DE0B54800882B24 /* Debug */ = {
			isa = XCBuildConfiguration;
			buildSettings = {
				ASSETCATALOG_COMPILER_APPICON_NAME = AppIcon;
				DEVELOPMENT_TEAM = 2C8QT4S3BM;
				INFOPLIST_FILE = NephCalc/Info.plist;
				LD_RUNPATH_SEARCH_PATHS = "$(inherited) @executable_path/Frameworks";
				PRODUCT_BUNDLE_IDENTIFIER = com.EvergreenInc.NephCalc;
				PRODUCT_NAME = "$(TARGET_NAME)";
				SWIFT_VERSION = 3.0;
			};
			name = Debug;
		};
		4C76D41D1DE0B54800882B24 /* Release */ = {
			isa = XCBuildConfiguration;
			buildSettings = {
				ASSETCATALOG_COMPILER_APPICON_NAME = AppIcon;
				DEVELOPMENT_TEAM = 2C8QT4S3BM;
				INFOPLIST_FILE = NephCalc/Info.plist;
				LD_RUNPATH_SEARCH_PATHS = "$(inherited) @executable_path/Frameworks";
				PRODUCT_BUNDLE_IDENTIFIER = com.EvergreenInc.NephCalc;
				PRODUCT_NAME = "$(TARGET_NAME)";
				SWIFT_VERSION = 3.0;
			};
			name = Release;
		};
/* End XCBuildConfiguration section */

/* Begin XCConfigurationList section */
		4C76D4041DE0B54700882B24 /* Build configuration list for PBXProject "NephCalc" */ = {
			isa = XCConfigurationList;
			buildConfigurations = (
				4C76D4191DE0B54800882B24 /* Debug */,
				4C76D41A1DE0B54800882B24 /* Release */,
			);
			defaultConfigurationIsVisible = 0;
			defaultConfigurationName = Release;
		};
		4C76D41B1DE0B54800882B24 /* Build configuration list for PBXNativeTarget "NephCalc" */ = {
			isa = XCConfigurationList;
			buildConfigurations = (
				4C76D41C1DE0B54800882B24 /* Debug */,
				4C76D41D1DE0B54800882B24 /* Release */,
			);
			defaultConfigurationIsVisible = 0;
			defaultConfigurationName = Release;
		};
/* End XCConfigurationList section */
	};
	rootObject = 4C76D4011DE0B54700882B24 /* Project object */;
}
